
Microsoft Visual Studio Solution File, Format Version 12.00
# Visual Studio Version 17
VisualStudioVersion = 17.0.31903.59
MinimumVisualStudioVersion = 10.0.40219.1
Project("{FAE04EC0-301F-11D3-BF4B-00C04F79EFBC}") = "HadiDinner.Api", "HadiDinner.Api\HadiDinner.Api.csproj", "{959BC4A9-5683-48A4-8569-CF3EDA747B0B}"
EndProject
Project("{FAE04EC0-301F-11D3-BF4B-00C04F79EFBC}") = "HadiDinner.Contracts", "HadiDinner.Contracts\HadiDinner.Contracts.csproj", "{E6E64811-E85F-44B5-9BC8-97898DF5B178}"
EndProject
Project("{FAE04EC0-301F-11D3-BF4B-00C04F79EFBC}") = "HadiDinner.Application", "HadiDinner.Application\HadiDinner.Application.csproj", "{146F636D-D85A-4C1B-AEFF-0A5BA03110D2}"
EndProject
Project("{FAE04EC0-301F-11D3-BF4B-00C04F79EFBC}") = "HadiDinner.Domain", "HadiDinner.Domain\HadiDinner.Domain.csproj", "{A8F323DF-AA3E-4C8A-B892-5A330647F851}"
EndProject
Project("{FAE04EC0-301F-11D3-BF4B-00C04F79EFBC}") = "HadiDinner.Infrastructure", "HadiDinner.Infrastructure\HadiDinner.Infrastructure.csproj", "{A7EE910F-3C65-48A0-8B6E-66BEB64FF2DF}"
EndProject
Project("{FAE04EC0-301F-11D3-BF4B-00C04F79EFBC}") = "TestConsole", "TestConsole\TestConsole.csproj", "{8D074DD0-776B-44D9-B91A-86AA304801AA}"
EndProject
Global
	GlobalSection(SolutionConfigurationPlatforms) = preSolution
		Debug|Any CPU = Debug|Any CPU
		Debug|x64 = Debug|x64
		Debug|x86 = Debug|x86
		Release|Any CPU = Release|Any CPU
		Release|x64 = Release|x64
		Release|x86 = Release|x86
	EndGlobalSection
	GlobalSection(ProjectConfigurationPlatforms) = postSolution
		{959BC4A9-5683-48A4-8569-CF3EDA747B0B}.Debug|Any CPU.ActiveCfg = Debug|Any CPU
		{959BC4A9-5683-48A4-8569-CF3EDA747B0B}.Debug|Any CPU.Build.0 = Debug|Any CPU
		{959BC4A9-5683-48A4-8569-CF3EDA747B0B}.Debug|x64.ActiveCfg = Debug|Any CPU
		{959BC4A9-5683-48A4-8569-CF3EDA747B0B}.Debug|x64.Build.0 = Debug|Any CPU
		{959BC4A9-5683-48A4-8569-CF3EDA747B0B}.Debug|x86.ActiveCfg = Debug|Any CPU
		{959BC4A9-5683-48A4-8569-CF3EDA747B0B}.Debug|x86.Build.0 = Debug|Any CPU
		{959BC4A9-5683-48A4-8569-CF3EDA747B0B}.Release|Any CPU.ActiveCfg = Release|Any CPU
		{959BC4A9-5683-48A4-8569-CF3EDA747B0B}.Release|Any CPU.Build.0 = Release|Any CPU
		{959BC4A9-5683-48A4-8569-CF3EDA747B0B}.Release|x64.ActiveCfg = Release|Any CPU
		{959BC4A9-5683-48A4-8569-CF3EDA747B0B}.Release|x64.Build.0 = Release|Any CPU
		{959BC4A9-5683-48A4-8569-CF3EDA747B0B}.Release|x86.ActiveCfg = Release|Any CPU
		{959BC4A9-5683-48A4-8569-CF3EDA747B0B}.Release|x86.Build.0 = Release|Any CPU
		{E6E64811-E85F-44B5-9BC8-97898DF5B178}.Debug|Any CPU.ActiveCfg = Debug|Any CPU
		{E6E64811-E85F-44B5-9BC8-97898DF5B178}.Debug|Any CPU.Build.0 = Debug|Any CPU
		{E6E64811-E85F-44B5-9BC8-97898DF5B178}.Debug|x64.ActiveCfg = Debug|Any CPU
		{E6E64811-E85F-44B5-9BC8-97898DF5B178}.Debug|x64.Build.0 = Debug|Any CPU
		{E6E64811-E85F-44B5-9BC8-97898DF5B178}.Debug|x86.ActiveCfg = Debug|Any CPU
		{E6E64811-E85F-44B5-9BC8-97898DF5B178}.Debug|x86.Build.0 = Debug|Any CPU
		{E6E64811-E85F-44B5-9BC8-97898DF5B178}.Release|Any CPU.ActiveCfg = Release|Any CPU
		{E6E64811-E85F-44B5-9BC8-97898DF5B178}.Release|Any CPU.Build.0 = Release|Any CPU
		{E6E64811-E85F-44B5-9BC8-97898DF5B178}.Release|x64.ActiveCfg = Release|Any CPU
		{E6E64811-E85F-44B5-9BC8-97898DF5B178}.Release|x64.Build.0 = Release|Any CPU
		{E6E64811-E85F-44B5-9BC8-97898DF5B178}.Release|x86.ActiveCfg = Release|Any CPU
		{E6E64811-E85F-44B5-9BC8-97898DF5B178}.Release|x86.Build.0 = Release|Any CPU
		{146F636D-D85A-4C1B-AEFF-0A5BA03110D2}.Debug|Any CPU.ActiveCfg = Debug|Any CPU
		{146F636D-D85A-4C1B-AEFF-0A5BA03110D2}.Debug|Any CPU.Build.0 = Debug|Any CPU
		{146F636D-D85A-4C1B-AEFF-0A5BA03110D2}.Debug|x64.ActiveCfg = Debug|Any CPU
		{146F636D-D85A-4C1B-AEFF-0A5BA03110D2}.Debug|x64.Build.0 = Debug|Any CPU
		{146F636D-D85A-4C1B-AEFF-0A5BA03110D2}.Debug|x86.ActiveCfg = Debug|Any CPU
		{146F636D-D85A-4C1B-AEFF-0A5BA03110D2}.Debug|x86.Build.0 = Debug|Any CPU
		{146F636D-D85A-4C1B-AEFF-0A5BA03110D2}.Release|Any CPU.ActiveCfg = Release|Any CPU
		{146F636D-D85A-4C1B-AEFF-0A5BA03110D2}.Release|Any CPU.Build.0 = Release|Any CPU
		{146F636D-D85A-4C1B-AEFF-0A5BA03110D2}.Release|x64.ActiveCfg = Release|Any CPU
		{146F636D-D85A-4C1B-AEFF-0A5BA03110D2}.Release|x64.Build.0 = Release|Any CPU
		{146F636D-D85A-4C1B-AEFF-0A5BA03110D2}.Release|x86.ActiveCfg = Release|Any CPU
		{146F636D-D85A-4C1B-AEFF-0A5BA03110D2}.Release|x86.Build.0 = Release|Any CPU
		{A8F323DF-AA3E-4C8A-B892-5A330647F851}.Debug|Any CPU.ActiveCfg = Debug|Any CPU
		{A8F323DF-AA3E-4C8A-B892-5A330647F851}.Debug|Any CPU.Build.0 = Debug|Any CPU
		{A8F323DF-AA3E-4C8A-B892-5A330647F851}.Debug|x64.ActiveCfg = Debug|Any CPU
		{A8F323DF-AA3E-4C8A-B892-5A330647F851}.Debug|x64.Build.0 = Debug|Any CPU
		{A8F323DF-AA3E-4C8A-B892-5A330647F851}.Debug|x86.ActiveCfg = Debug|Any CPU
		{A8F323DF-AA3E-4C8A-B892-5A330647F851}.Debug|x86.Build.0 = Debug|Any CPU
		{A8F323DF-AA3E-4C8A-B892-5A330647F851}.Release|Any CPU.ActiveCfg = Release|Any CPU
		{A8F323DF-AA3E-4C8A-B892-5A330647F851}.Release|Any CPU.Build.0 = Release|Any CPU
		{A8F323DF-AA3E-4C8A-B892-5A330647F851}.Release|x64.ActiveCfg = Release|Any CPU
		{A8F323DF-AA3E-4C8A-B892-5A330647F851}.Release|x64.Build.0 = Release|Any CPU
		{A8F323DF-AA3E-4C8A-B892-5A330647F851}.Release|x86.ActiveCfg = Release|Any CPU
		{A8F323DF-AA3E-4C8A-B892-5A330647F851}.Release|x86.Build.0 = Release|Any CPU
		{A7EE910F-3C65-48A0-8B6E-66BEB64FF2DF}.Debug|Any CPU.ActiveCfg = Debug|Any CPU
		{A7EE910F-3C65-48A0-8B6E-66BEB64FF2DF}.Debug|Any CPU.Build.0 = Debug|Any CPU
		{A7EE910F-3C65-48A0-8B6E-66BEB64FF2DF}.Debug|x64.ActiveCfg = Debug|Any CPU
		{A7EE910F-3C65-48A0-8B6E-66BEB64FF2DF}.Debug|x64.Build.0 = Debug|Any CPU
		{A7EE910F-3C65-48A0-8B6E-66BEB64FF2DF}.Debug|x86.ActiveCfg = Debug|Any CPU
		{A7EE910F-3C65-48A0-8B6E-66BEB64FF2DF}.Debug|x86.Build.0 = Debug|Any CPU
		{A7EE910F-3C65-48A0-8B6E-66BEB64FF2DF}.Release|Any CPU.ActiveCfg = Release|Any CPU
		{A7EE910F-3C65-48A0-8B6E-66BEB64FF2DF}.Release|Any CPU.Build.0 = Release|Any CPU
		{A7EE910F-3C65-48A0-8B6E-66BEB64FF2DF}.Release|x64.ActiveCfg = Release|Any CPU
		{A7EE910F-3C65-48A0-8B6E-66BEB64FF2DF}.Release|x64.Build.0 = Release|Any CPU
		{A7EE910F-3C65-48A0-8B6E-66BEB64FF2DF}.Release|x86.ActiveCfg = Release|Any CPU
		{A7EE910F-3C65-48A0-8B6E-66BEB64FF2DF}.Release|x86.Build.0 = Release|Any CPU
		{8D074DD0-776B-44D9-B91A-86AA304801AA}.Debug|Any CPU.ActiveCfg = Debug|Any CPU
		{8D074DD0-776B-44D9-B91A-86AA304801AA}.Debug|Any CPU.Build.0 = Debug|Any CPU
		{8D074DD0-776B-44D9-B91A-86AA304801AA}.Debug|x64.ActiveCfg = Debug|Any CPU
		{8D074DD0-776B-44D9-B91A-86AA304801AA}.Debug|x64.Build.0 = Debug|Any CPU
		{8D074DD0-776B-44D9-B91A-86AA304801AA}.Debug|x86.ActiveCfg = Debug|Any CPU
		{8D074DD0-776B-44D9-B91A-86AA304801AA}.Debug|x86.Build.0 = Debug|Any CPU
		{8D074DD0-776B-44D9-B91A-86AA304801AA}.Release|Any CPU.ActiveCfg = Release|Any CPU
		{8D074DD0-776B-44D9-B91A-86AA304801AA}.Release|Any CPU.Build.0 = Release|Any CPU
		{8D074DD0-776B-44D9-B91A-86AA304801AA}.Release|x64.ActiveCfg = Release|Any CPU
		{8D074DD0-776B-44D9-B91A-86AA304801AA}.Release|x64.Build.0 = Release|Any CPU
		{8D074DD0-776B-44D9-B91A-86AA304801AA}.Release|x86.ActiveCfg = Release|Any CPU
		{8D074DD0-776B-44D9-B91A-86AA304801AA}.Release|x86.Build.0 = Release|Any CPU
	EndGlobalSection
	GlobalSection(SolutionProperties) = preSolution
		HideSolutionNode = FALSE
	EndGlobalSection
EndGlobal
